
Microsoft Visual Studio Solution File, Format Version 12.00
# Visual Studio Version 16
VisualStudioVersion = 16.0.31129.286
MinimumVisualStudioVersion = 10.0.40219.1
Project("{FAE04EC0-301F-11D3-BF4B-00C04F79EFBC}") = "SE256_Activity3_JohnsonL", "SE256_Activity3_JohnsonL.csproj", "{DAE97F4D-205D-4201-AF90-D4764518810B}"
EndProject
Global
	GlobalSection(SolutionConfigurationPlatforms) = preSolution
		Debug|Any CPU = Debug|Any CPU
		Release|Any CPU = Release|Any CPU
	EndGlobalSection
	GlobalSection(ProjectConfigurationPlatforms) = postSolution
		{DAE97F4D-205D-4201-AF90-D4764518810B}.Debug|Any CPU.ActiveCfg = Debug|Any CPU
		{DAE97F4D-205D-4201-AF90-D4764518810B}.Debug|Any CPU.Build.0 = Debug|Any CPU
		{DAE97F4D-205D-4201-AF90-D4764518810B}.Release|Any CPU.ActiveCfg = Release|Any CPU
		{DAE97F4D-205D-4201-AF90-D4764518810B}.Release|Any CPU.Build.0 = Release|Any CPU
	EndGlobalSection
	GlobalSection(SolutionProperties) = preSolution
		HideSolutionNode = FALSE
	EndGlobalSection
	GlobalSection(ExtensibilityGlobals) = postSolution
		SolutionGuid = {68554D35-0D71-4316-989E-92A8B35C1E51}
	EndGlobalSection
EndGlobal
